
Microsoft Visual Studio Solution File, Format Version 12.00
# Visual Studio Version 16
VisualStudioVersion = 16.0.32602.291
MinimumVisualStudioVersion = 10.0.40219.1
Project("{FAE04EC0-301F-11D3-BF4B-00C04F79EFBC}") = "BrokenLottoGame", "BrokenLottoGame\BrokenLottoGame.csproj", "{9CB4EA49-FCC4-4E9B-82B7-0815C1E41766}"
EndProject
Global
	GlobalSection(SolutionConfigurationPlatforms) = preSolution
		Debug|Any CPU = Debug|Any CPU
		Release|Any CPU = Release|Any CPU
	EndGlobalSection
	GlobalSection(ProjectConfigurationPlatforms) = postSolution
		{9CB4EA49-FCC4-4E9B-82B7-0815C1E41766}.Debug|Any CPU.ActiveCfg = Debug|Any CPU
		{9CB4EA49-FCC4-4E9B-82B7-0815C1E41766}.Debug|Any CPU.Build.0 = Debug|Any CPU
		{9CB4EA49-FCC4-4E9B-82B7-0815C1E41766}.Release|Any CPU.ActiveCfg = Release|Any CPU
		{9CB4EA49-FCC4-4E9B-82B7-0815C1E41766}.Release|Any CPU.Build.0 = Release|Any CPU
	EndGlobalSection
	GlobalSection(SolutionProperties) = preSolution
		HideSolutionNode = FALSE
	EndGlobalSection
	GlobalSection(ExtensibilityGlobals) = postSolution
		SolutionGuid = {E9B6A233-1CC7-44AA-B770-4B8CA9445A06}
	EndGlobalSection
EndGlobal
